<?xml version="1.0" encoding="utf-8"?>
<Project ToolsVersion="4.0" xmlns="http://schemas.microsoft.com/developer/msbuild/2003">
  <ItemGroup>
    <ClCompile Include="CContainerHolderXP.cpp">
      <Filter>Source Files</Filter>
    </ClCompile>
    <ClCompile Include="CommonXP.cpp">
      <Filter>Source Files</Filter>
    </ClCompile>
    <ClCompile Include="EIDConfigurationWizardXP.cpp">
      <Filter>Source Files</Filter>
    </ClCompile>
    <ClCompile Include="EIDConfigurationWizardXPPage07.cpp">
      <Filter>Source Files</Filter>
    </ClCompile>
    <ClCompile Include="EIDConfigurationWizardXPPage06.cpp">
      <Filter>Source Files</Filter>
    </ClCompile>
    <ClCompile Include="EIDConfigurationWizardXPPage05.cpp">
      <Filter>Source Files</Filter>
    </ClCompile>
    <ClCompile Include="EIDConfigurationWizardXPPage04.cpp">
      <Filter>Source Files</Filter>
    </ClCompile>
    <ClCompile Include="EIDConfigurationWizardXPPage03.cpp">
      <Filter>Source Files</Filter>
    </ClCompile>
    <ClCompile Include="EIDConfigurationWizardXPPage02.cpp">
      <Filter>Source Files</Filter>
    </ClCompile>
    <ClCompile Include="forcepolicyXP.cpp">
      <Filter>Source Files</Filter>
    </ClCompile>
    <ClCompile Include="RemovePolicyXP.cpp">
      <Filter>Source Files</Filter>
    </ClCompile>
    <ClCompile Include="DebugReportXP.cpp">
      <Filter>Source Files</Filter>
    </ClCompile>
  </ItemGroup>
  <ItemGroup>
    <ClInclude Include="CContainerHolderXP.h">
      <Filter>Header Files</Filter>
    </ClInclude>
    <ClInclude Include="EIDConfigurationWizardXP.h">
      <Filter>Header Files</Filter>
    </ClInclude>
    <ClInclude Include="globalXP.h">
      <Filter>Header Files</Filter>
    </ClInclude>
    <ClInclude Include="EIDConfigurationWizardXP_fr.h">
      <Filter>Header Files</Filter>
    </ClInclude>
    <ClInclude Include="EIDConfigurationWizardXP_ru.h">
      <Filter>Header Files</Filter>
    </ClInclude>
  </ItemGroup>
  <ItemGroup>
    <ResourceCompile Include="EIDConfigurationWizardXP.rc">
      <Filter>Resource Files</Filter>
    </ResourceCompile>
    <ResourceCompile Include="EIDConfigurationWizardXP_ru.rc">
      <Filter>Resource Files</Filter>
    </ResourceCompile>
    <ResourceCompile Include="EIDConfigurationWizardXP_fr.rc">
      <Filter>Resource Files</Filter>
    </ResourceCompile>
  </ItemGroup>
  <ItemGroup>
    <Filter Include="Header Files">
      <UniqueIdentifier>{ef894a44-49ce-4475-b65a-ea16756348f6}</UniqueIdentifier>
    </Filter>
    <Filter Include="Source Files">
      <UniqueIdentifier>{696013b9-f760-4fac-a06a-b6fbee27c3df}</UniqueIdentifier>
    </Filter>
    <Filter Include="Resource Files">
      <UniqueIdentifier>{5706cb44-140b-40a2-9ca5-18a37e5eac67}</UniqueIdentifier>
    </Filter>
  </ItemGroup>
</Project>