
Microsoft Visual Studio Solution File, Format Version 11.00
# Visual Studio 2010
Project("{2150E333-8FDC-42A3-9474-1A3956D46DE8}") = "Solution Items", "Solution Items", "{33B0615F-3C54-49C7-A5EB-C7666ED896BE}"
	ProjectSection(SolutionItems) = preProject
		debug.txt = debug.txt
		How to compile.txt = How to compile.txt
	EndProjectSection
EndProject
Project("{930C7802-8A8C-48F9-8165-68863BCCD9DD}") = "EIDAuthenticateSetup", "EIDAuthenticateSetup\EIDAuthenticateSetup.wixproj", "{B74D90F0-65B6-4972-BB8A-2A949AE64412}"
	ProjectSection(ProjectDependencies) = postProject
		{2D583236-88BA-463C-ABEC-27951AC1CECA} = {2D583236-88BA-463C-ABEC-27951AC1CECA}
		{15101279-89F4-4BE4-8F20-A8550A446E43} = {15101279-89F4-4BE4-8F20-A8550A446E43}
		{8858BB8D-7798-4FBF-915B-B0AE69DD51AB} = {8858BB8D-7798-4FBF-915B-B0AE69DD51AB}
	EndProjectSection
EndProject
Project("{8BC9CEB8-8B4A-11D0-8D11-00A0C91BC942}") = "EIDAuthenticationPackage", "EIDAuthenticationPackage\EIDAuthenticationPackage.vcxproj", "{4711AF6D-0E6C-4D71-9238-053FB0B287DA}"
EndProject
Project("{8BC9CEB8-8B4A-11D0-8D11-00A0C91BC942}") = "EIDCardLibrary", "EIDCardLibrary\EIDCardLibrary.vcxproj", "{67E4C602-56D2-407E-84DA-C8F75642D01A}"
EndProject
Project("{8BC9CEB8-8B4A-11D0-8D11-00A0C91BC942}") = "EIDConfigurationWizard", "EIDConfigurationWizard\EIDConfigurationWizard.vcxproj", "{CB9FDC3E-D1EE-45EF-BA61-BE50065D07A4}"
EndProject
Project("{8BC9CEB8-8B4A-11D0-8D11-00A0C91BC942}") = "EIDCredentialProvider", "EIDCredentialProvider\EIDCredentialProvider.vcxproj", "{7348AEE0-1F4A-4436-B782-6ABB694911AE}"
EndProject
Project("{8BC9CEB8-8B4A-11D0-8D11-00A0C91BC942}") = "EIDLogManager", "EIDLogManager\EIDLogManager.vcxproj", "{15101279-89F4-4BE4-8F20-A8550A446E43}"
EndProject
Project("{8BC9CEB8-8B4A-11D0-8D11-00A0C91BC942}") = "EIDPasswordChangeNotification", "EIDPasswordChangeNotification\EIDPasswordChangeNotification.vcxproj", "{20D42BDE-E32D-4A84-BEE8-A0C7A92ABBB5}"
EndProject
Project("{8BC9CEB8-8B4A-11D0-8D11-00A0C91BC942}") = "EIDTest", "EIDTest\EIDTest.vcxproj", "{2D583236-88BA-463C-ABEC-27951AC1CECA}"
EndProject
Project("{8BC9CEB8-8B4A-11D0-8D11-00A0C91BC942}") = "EIDConfigurationWizardXP", "EIDConfigurationWizardXP\EIDConfigurationWizardXP.vcxproj", "{CA8E0001-0242-4D6F-8E0C-094A6EAF17D6}"
	ProjectSection(ProjectDependencies) = postProject
		{67E4C602-56D2-407E-84DA-C8F75642D01A} = {67E4C602-56D2-407E-84DA-C8F75642D01A}
	EndProjectSection
EndProject
Project("{930C7802-8A8C-48F9-8165-68863BCCD9DD}") = "EIDAuthenticateSetupXP", "EIDAuthenticateSetupXP\EIDAuthenticateSetupXP.wixproj", "{59ADB987-5434-40E5-993A-F0B48785C50C}"
	ProjectSection(ProjectDependencies) = postProject
		{4711AF6D-0E6C-4D71-9238-053FB0B287DA} = {4711AF6D-0E6C-4D71-9238-053FB0B287DA}
	EndProjectSection
EndProject
Project("{8BC9CEB8-8B4A-11D0-8D11-00A0C91BC942}") = "EIDGina", "EIDGina\EIDGina.vcxproj", "{D6514E1F-6E63-4DE7-8EE8-BD2D5B7B8C8F}"
	ProjectSection(ProjectDependencies) = postProject
		{67E4C602-56D2-407E-84DA-C8F75642D01A} = {67E4C602-56D2-407E-84DA-C8F75642D01A}
	EndProjectSection
EndProject
Project("{8BC9CEB8-8B4A-11D0-8D11-00A0C91BC942}") = "EIDConfigurationWizardElevated", "EIDConfigurationWizardElevated\EIDConfigurationWizardElevated.vcxproj", "{8858BB8D-7798-4FBF-915B-B0AE69DD51AB}"
EndProject
Global
	GlobalSection(SolutionConfigurationPlatforms) = preSolution
		Debug|x64 = Debug|x64
		Debug|x86 = Debug|x86
		Release|x64 = Release|x64
		Release|x86 = Release|x86
	EndGlobalSection
	GlobalSection(ProjectConfigurationPlatforms) = postSolution
		{B74D90F0-65B6-4972-BB8A-2A949AE64412}.Debug|x64.ActiveCfg = Debug|x64
		{B74D90F0-65B6-4972-BB8A-2A949AE64412}.Debug|x86.ActiveCfg = Debug|x86
		{B74D90F0-65B6-4972-BB8A-2A949AE64412}.Release|x64.ActiveCfg = Release|x64
		{B74D90F0-65B6-4972-BB8A-2A949AE64412}.Release|x86.ActiveCfg = Release|x86
		{4711AF6D-0E6C-4D71-9238-053FB0B287DA}.Debug|x64.ActiveCfg = Debug|x64
		{4711AF6D-0E6C-4D71-9238-053FB0B287DA}.Debug|x64.Build.0 = Debug|x64
		{4711AF6D-0E6C-4D71-9238-053FB0B287DA}.Debug|x86.ActiveCfg = Debug|Win32
		{4711AF6D-0E6C-4D71-9238-053FB0B287DA}.Debug|x86.Build.0 = Debug|Win32
		{4711AF6D-0E6C-4D71-9238-053FB0B287DA}.Release|x64.ActiveCfg = Release|x64
		{4711AF6D-0E6C-4D71-9238-053FB0B287DA}.Release|x64.Build.0 = Release|x64
		{4711AF6D-0E6C-4D71-9238-053FB0B287DA}.Release|x86.ActiveCfg = Release|Win32
		{4711AF6D-0E6C-4D71-9238-053FB0B287DA}.Release|x86.Build.0 = Release|Win32
		{67E4C602-56D2-407E-84DA-C8F75642D01A}.Debug|x64.ActiveCfg = Debug|x64
		{67E4C602-56D2-407E-84DA-C8F75642D01A}.Debug|x64.Build.0 = Debug|x64
		{67E4C602-56D2-407E-84DA-C8F75642D01A}.Debug|x86.ActiveCfg = Debug|Win32
		{67E4C602-56D2-407E-84DA-C8F75642D01A}.Debug|x86.Build.0 = Debug|Win32
		{67E4C602-56D2-407E-84DA-C8F75642D01A}.Release|x64.ActiveCfg = Release|x64
		{67E4C602-56D2-407E-84DA-C8F75642D01A}.Release|x64.Build.0 = Release|x64
		{67E4C602-56D2-407E-84DA-C8F75642D01A}.Release|x86.ActiveCfg = Release|Win32
		{67E4C602-56D2-407E-84DA-C8F75642D01A}.Release|x86.Build.0 = Release|Win32
		{CB9FDC3E-D1EE-45EF-BA61-BE50065D07A4}.Debug|x64.ActiveCfg = Debug|x64
		{CB9FDC3E-D1EE-45EF-BA61-BE50065D07A4}.Debug|x64.Build.0 = Debug|x64
		{CB9FDC3E-D1EE-45EF-BA61-BE50065D07A4}.Debug|x86.ActiveCfg = Debug|Win32
		{CB9FDC3E-D1EE-45EF-BA61-BE50065D07A4}.Debug|x86.Build.0 = Debug|Win32
		{CB9FDC3E-D1EE-45EF-BA61-BE50065D07A4}.Release|x64.ActiveCfg = Release|x64
		{CB9FDC3E-D1EE-45EF-BA61-BE50065D07A4}.Release|x64.Build.0 = Release|x64
		{CB9FDC3E-D1EE-45EF-BA61-BE50065D07A4}.Release|x86.ActiveCfg = Release|Win32
		{CB9FDC3E-D1EE-45EF-BA61-BE50065D07A4}.Release|x86.Build.0 = Release|Win32
		{7348AEE0-1F4A-4436-B782-6ABB694911AE}.Debug|x64.ActiveCfg = Debug|x64
		{7348AEE0-1F4A-4436-B782-6ABB694911AE}.Debug|x64.Build.0 = Debug|x64
		{7348AEE0-1F4A-4436-B782-6ABB694911AE}.Debug|x86.ActiveCfg = Debug|Win32
		{7348AEE0-1F4A-4436-B782-6ABB694911AE}.Debug|x86.Build.0 = Debug|Win32
		{7348AEE0-1F4A-4436-B782-6ABB694911AE}.Release|x64.ActiveCfg = Release|x64
		{7348AEE0-1F4A-4436-B782-6ABB694911AE}.Release|x64.Build.0 = Release|x64
		{7348AEE0-1F4A-4436-B782-6ABB694911AE}.Release|x86.ActiveCfg = Release|Win32
		{7348AEE0-1F4A-4436-B782-6ABB694911AE}.Release|x86.Build.0 = Release|Win32
		{15101279-89F4-4BE4-8F20-A8550A446E43}.Debug|x64.ActiveCfg = Debug|x64
		{15101279-89F4-4BE4-8F20-A8550A446E43}.Debug|x64.Build.0 = Debug|x64
		{15101279-89F4-4BE4-8F20-A8550A446E43}.Debug|x86.ActiveCfg = Debug|Win32
		{15101279-89F4-4BE4-8F20-A8550A446E43}.Debug|x86.Build.0 = Debug|Win32
		{15101279-89F4-4BE4-8F20-A8550A446E43}.Release|x64.ActiveCfg = Release|x64
		{15101279-89F4-4BE4-8F20-A8550A446E43}.Release|x64.Build.0 = Release|x64
		{15101279-89F4-4BE4-8F20-A8550A446E43}.Release|x86.ActiveCfg = Release|Win32
		{15101279-89F4-4BE4-8F20-A8550A446E43}.Release|x86.Build.0 = Release|Win32
		{20D42BDE-E32D-4A84-BEE8-A0C7A92ABBB5}.Debug|x64.ActiveCfg = Debug|x64
		{20D42BDE-E32D-4A84-BEE8-A0C7A92ABBB5}.Debug|x64.Build.0 = Debug|x64
		{20D42BDE-E32D-4A84-BEE8-A0C7A92ABBB5}.Debug|x86.ActiveCfg = Debug|Win32
		{20D42BDE-E32D-4A84-BEE8-A0C7A92ABBB5}.Debug|x86.Build.0 = Debug|Win32
		{20D42BDE-E32D-4A84-BEE8-A0C7A92ABBB5}.Release|x64.ActiveCfg = Release|x64
		{20D42BDE-E32D-4A84-BEE8-A0C7A92ABBB5}.Release|x64.Build.0 = Release|x64
		{20D42BDE-E32D-4A84-BEE8-A0C7A92ABBB5}.Release|x86.ActiveCfg = Release|Win32
		{20D42BDE-E32D-4A84-BEE8-A0C7A92ABBB5}.Release|x86.Build.0 = Release|Win32
		{2D583236-88BA-463C-ABEC-27951AC1CECA}.Debug|x64.ActiveCfg = Debug|x64
		{2D583236-88BA-463C-ABEC-27951AC1CECA}.Debug|x64.Build.0 = Debug|x64
		{2D583236-88BA-463C-ABEC-27951AC1CECA}.Debug|x86.ActiveCfg = Debug|Win32
		{2D583236-88BA-463C-ABEC-27951AC1CECA}.Debug|x86.Build.0 = Debug|Win32
		{2D583236-88BA-463C-ABEC-27951AC1CECA}.Release|x64.ActiveCfg = Release|x64
		{2D583236-88BA-463C-ABEC-27951AC1CECA}.Release|x64.Build.0 = Release|x64
		{2D583236-88BA-463C-ABEC-27951AC1CECA}.Release|x86.ActiveCfg = Release|Win32
		{2D583236-88BA-463C-ABEC-27951AC1CECA}.Release|x86.Build.0 = Release|Win32
		{CA8E0001-0242-4D6F-8E0C-094A6EAF17D6}.Debug|x64.ActiveCfg = Debug|Win32
		{CA8E0001-0242-4D6F-8E0C-094A6EAF17D6}.Debug|x86.ActiveCfg = Debug|Win32
		{CA8E0001-0242-4D6F-8E0C-094A6EAF17D6}.Debug|x86.Build.0 = Debug|Win32
		{CA8E0001-0242-4D6F-8E0C-094A6EAF17D6}.Release|x64.ActiveCfg = Release|Win32
		{CA8E0001-0242-4D6F-8E0C-094A6EAF17D6}.Release|x86.ActiveCfg = Release|Win32
		{CA8E0001-0242-4D6F-8E0C-094A6EAF17D6}.Release|x86.Build.0 = Release|Win32
		{59ADB987-5434-40E5-993A-F0B48785C50C}.Debug|x64.ActiveCfg = Debug|x86
		{59ADB987-5434-40E5-993A-F0B48785C50C}.Debug|x86.ActiveCfg = Debug|x86
		{59ADB987-5434-40E5-993A-F0B48785C50C}.Release|x64.ActiveCfg = Release|x86
		{59ADB987-5434-40E5-993A-F0B48785C50C}.Release|x86.ActiveCfg = Release|x86
		{D6514E1F-6E63-4DE7-8EE8-BD2D5B7B8C8F}.Debug|x64.ActiveCfg = Debug|Win32
		{D6514E1F-6E63-4DE7-8EE8-BD2D5B7B8C8F}.Debug|x86.ActiveCfg = Debug|Win32
		{D6514E1F-6E63-4DE7-8EE8-BD2D5B7B8C8F}.Debug|x86.Build.0 = Debug|Win32
		{D6514E1F-6E63-4DE7-8EE8-BD2D5B7B8C8F}.Release|x64.ActiveCfg = Release|Win32
		{D6514E1F-6E63-4DE7-8EE8-BD2D5B7B8C8F}.Release|x86.ActiveCfg = Release|Win32
		{D6514E1F-6E63-4DE7-8EE8-BD2D5B7B8C8F}.Release|x86.Build.0 = Release|Win32
		{8858BB8D-7798-4FBF-915B-B0AE69DD51AB}.Debug|x64.ActiveCfg = Debug|x64
		{8858BB8D-7798-4FBF-915B-B0AE69DD51AB}.Debug|x64.Build.0 = Debug|x64
		{8858BB8D-7798-4FBF-915B-B0AE69DD51AB}.Debug|x86.ActiveCfg = Debug|Win32
		{8858BB8D-7798-4FBF-915B-B0AE69DD51AB}.Debug|x86.Build.0 = Debug|Win32
		{8858BB8D-7798-4FBF-915B-B0AE69DD51AB}.Release|x64.ActiveCfg = Release|x64
		{8858BB8D-7798-4FBF-915B-B0AE69DD51AB}.Release|x64.Build.0 = Release|x64
		{8858BB8D-7798-4FBF-915B-B0AE69DD51AB}.Release|x86.ActiveCfg = Release|Win32
		{8858BB8D-7798-4FBF-915B-B0AE69DD51AB}.Release|x86.Build.0 = Release|Win32
	EndGlobalSection
	GlobalSection(SolutionProperties) = preSolution
		HideSolutionNode = FALSE
	EndGlobalSection
EndGlobal
