<?xml version="1.0" encoding="utf-8"?>
<Project ToolsVersion="4.0" xmlns="http://schemas.microsoft.com/developer/msbuild/2003">
  <ItemGroup>
    <Filter Include="Source Files">
      <UniqueIdentifier>{4FC737F1-C7A5-4376-A066-2A32D752A2FF}</UniqueIdentifier>
      <Extensions>cpp;c;cc;cxx;def;odl;idl;hpj;bat;asm;asmx</Extensions>
    </Filter>
    <Filter Include="Header Files">
      <UniqueIdentifier>{93995380-89BD-4b04-88EB-625FBE52EBFB}</UniqueIdentifier>
      <Extensions>h;hpp;hxx;hm;inl;inc;xsd</Extensions>
    </Filter>
    <Filter Include="Resource Files">
      <UniqueIdentifier>{67DA6AB6-F800-4c08-8B7A-83BB121AAD01}</UniqueIdentifier>
      <Extensions>rc;ico;cur;bmp;dlg;rc2;rct;bin;rgs;gif;jpg;jpeg;jpe;resx;tiff;tif;png;wav</Extensions>
    </Filter>
  </ItemGroup>
  <ItemGroup>
    <ClCompile Include="CContainerTest.cpp">
      <Filter>Source Files</Filter>
    </ClCompile>
    <ClCompile Include="CertificateValidationTest.cpp">
      <Filter>Source Files</Filter>
    </ClCompile>
    <ClCompile Include="CompleteProfileTest.cpp">
      <Filter>Source Files</Filter>
    </ClCompile>
    <ClCompile Include="CompleteTokenTest.cpp">
      <Filter>Source Files</Filter>
    </ClCompile>
    <ClCompile Include="CSmartCardNotifierTest.cpp">
      <Filter>Source Files</Filter>
    </ClCompile>
    <ClCompile Include="EIDAuthenticationPackageTest.cpp">
      <Filter>Source Files</Filter>
    </ClCompile>
    <ClCompile Include="EIDCredentialProviderTest.cpp">
      <Filter>Source Files</Filter>
    </ClCompile>
    <ClCompile Include="EIDSecuritySupportProviderTest.cpp">
      <Filter>Source Files</Filter>
    </ClCompile>
    <ClCompile Include="EIDTest.cpp">
      <Filter>Source Files</Filter>
    </ClCompile>
    <ClCompile Include="EIDTestInfo.cpp">
      <Filter>Source Files</Filter>
    </ClCompile>
    <ClCompile Include="EIDTestUIUtil.cpp">
      <Filter>Source Files</Filter>
    </ClCompile>
    <ClCompile Include="EIDTestUtil.cpp">
      <Filter>Source Files</Filter>
    </ClCompile>
    <ClCompile Include="GPOTest.cpp">
      <Filter>Source Files</Filter>
    </ClCompile>
    <ClCompile Include="LSAFunctionSubstitute.cpp">
      <Filter>Source Files</Filter>
    </ClCompile>
    <ClCompile Include="PackageTest.cpp">
      <Filter>Source Files</Filter>
    </ClCompile>
    <ClCompile Include="SmartCardModuleTest.cpp">
      <Filter>Source Files</Filter>
    </ClCompile>
    <ClCompile Include="stdafx.cpp">
      <Filter>Source Files</Filter>
    </ClCompile>
    <ClCompile Include="StoredCredentialManagementTest.cpp">
      <Filter>Source Files</Filter>
    </ClCompile>
    <ClCompile Include="OnlineDatabaseTest.cpp">
      <Filter>Source Files</Filter>
    </ClCompile>
  </ItemGroup>
  <ItemGroup>
    <ClInclude Include="CContainerTest.h">
      <Filter>Header Files</Filter>
    </ClInclude>
    <ClInclude Include="CertificateValidationTest.h">
      <Filter>Header Files</Filter>
    </ClInclude>
    <ClInclude Include="CompleteProfileTest.h">
      <Filter>Header Files</Filter>
    </ClInclude>
    <ClInclude Include="CompleteTokenTest.h">
      <Filter>Header Files</Filter>
    </ClInclude>
    <ClInclude Include="CSmartCardNotifierTest.h">
      <Filter>Header Files</Filter>
    </ClInclude>
    <ClInclude Include="EIDAuthenticationPackageTest.h">
      <Filter>Header Files</Filter>
    </ClInclude>
    <ClInclude Include="EIDCredentialProviderTest.h">
      <Filter>Header Files</Filter>
    </ClInclude>
    <ClInclude Include="EIDSecuritySupportProviderTest.h">
      <Filter>Header Files</Filter>
    </ClInclude>
    <ClInclude Include="EIDTest.h">
      <Filter>Header Files</Filter>
    </ClInclude>
    <ClInclude Include="EIDTestInfo.h">
      <Filter>Header Files</Filter>
    </ClInclude>
    <ClInclude Include="EIDTestUIUtil.h">
      <Filter>Header Files</Filter>
    </ClInclude>
    <ClInclude Include="EIDTestUtil.h">
      <Filter>Header Files</Filter>
    </ClInclude>
    <ClInclude Include="GPOTest.h">
      <Filter>Header Files</Filter>
    </ClInclude>
    <ClInclude Include="LSAFunctionSubstitute.h">
      <Filter>Header Files</Filter>
    </ClInclude>
    <ClInclude Include="PackageTest.h">
      <Filter>Header Files</Filter>
    </ClInclude>
    <ClInclude Include="Resource.h">
      <Filter>Header Files</Filter>
    </ClInclude>
    <ClInclude Include="SmartCardModuleTest.h">
      <Filter>Header Files</Filter>
    </ClInclude>
    <ClInclude Include="stdafx.h">
      <Filter>Header Files</Filter>
    </ClInclude>
    <ClInclude Include="StoredCredentialManagementTest.h">
      <Filter>Header Files</Filter>
    </ClInclude>
    <ClInclude Include="targetver.h">
      <Filter>Header Files</Filter>
    </ClInclude>
    <ClInclude Include="OnlineDatabaseTest.h">
      <Filter>Header Files</Filter>
    </ClInclude>
  </ItemGroup>
  <ItemGroup>
    <None Include="EIDTest.ico">
      <Filter>Resource Files</Filter>
    </None>
    <None Include="small.ico">
      <Filter>Resource Files</Filter>
    </None>
    <None Include="ReadMe.txt" />
  </ItemGroup>
  <ItemGroup>
    <ResourceCompile Include="EIDTest.rc">
      <Filter>Resource Files</Filter>
    </ResourceCompile>
  </ItemGroup>
</Project>